# THIS IS AN AUTOGENERATED FILE. DO NOT EDIT THIS FILE DIRECTLY.
# yarn lockfile v1


"@discordjs/builders@^0.16.0-dev":
  version "0.16.0-dev.1654906182-c7391db"
  resolved "https://registry.npmjs.org/@discordjs/builders/-/builders-0.16.0-dev.1654906182-c7391db.tgz"
  integrity sha512-j78JppkQcg8qNvdKkMXcMaxQmxLetB2eU/4YKVHuJ2FAQu8IQbBq0jL6KyoAMS/U4+xhwru9/+t3KgMDLwUy1Q==
  dependencies:
    "@sapphire/shapeshift" "^3.1.0"
    "@sindresorhus/is" "^4.6.0"
    discord-api-types "^0.33.5"
    fast-deep-equal "^3.1.3"
    ts-mixer "^6.0.1"
    tslib "^2.4.0"

"@discordjs/collection@^0.8.0-dev":
  version "0.8.0-dev.1654906189-c7391db"
  resolved "https://registry.npmjs.org/@discordjs/collection/-/collection-0.8.0-dev.1654906189-c7391db.tgz"
  integrity sha512-bUcKllZRrA7Wux1GSM8GRGQYgNv6j2SpycoHt/OHWWWSQbTVz8QUZCbh/9+/AK6ywVpYY63svK0mVzqN4ofFxQ==

"@discordjs/rest@^0.6.0-dev":
  version "0.6.0-dev.1654906196-c7391db"
  resolved "https://registry.npmjs.org/@discordjs/rest/-/rest-0.6.0-dev.1654906196-c7391db.tgz"
  integrity sha512-3T62G8diV4NaOUSPNatuflGzeJxtjfVHiSTy3SgjINnL4EK6YHZ3cmzH1C6HuIZvezwqk9o8o/5Pdxehi0ps1Q==
  dependencies:
    "@discordjs/collection" "^0.8.0-dev"
    "@sapphire/async-queue" "^1.3.1"
    "@sapphire/snowflake" "^3.2.2"
    discord-api-types "^0.33.5"
    tslib "^2.4.0"
    undici "^5.4.0"

"@sapphire/async-queue@^1.3.1":
  version "1.3.1"
  resolved "https://registry.npmjs.org/@sapphire/async-queue/-/async-queue-1.3.1.tgz"
  integrity sha512-FFTlPOWZX1kDj9xCAsRzH5xEJfawg1lNoYAA+ecOWJMHOfiZYb1uXOI3ne9U4UILSEPwfE68p3T9wUHwIQfR0g==

"@sapphire/shapeshift@^3.1.0":
  version "3.1.0"
  resolved "https://registry.npmjs.org/@sapphire/shapeshift/-/shapeshift-3.1.0.tgz"
  integrity sha512-PkxFXd3QJ1qAPS05Dy2UkVGYPm/asF1Ugt2Xyzmv4DHzO3+G7l+873C4XFFcJ9M5Je+eCMC7SSifgPTSur5QuA==

"@sapphire/snowflake@^3.2.2":
  version "3.2.2"
  resolved "https://registry.npmjs.org/@sapphire/snowflake/-/snowflake-3.2.2.tgz"
  integrity sha512-ula2O0kpSZtX9rKXNeQMrHwNd7E4jPDJYUXmEGTFdMRfyfMw+FPyh04oKMjAiDuOi64bYgVkOV3MjK+loImFhQ==

"@sindresorhus/is@^4.6.0":
  version "4.6.0"
  resolved "https://registry.npmjs.org/@sindresorhus/is/-/is-4.6.0.tgz"
  integrity sha512-t09vSN3MdfsyCHoFcTRCH/iUtG7OJ0CsjzB8cjAmKc/va/kIgeDI/TxsigdncE/4be734m0cvIYwNaV4i2XqAw==

"@types/node@*":
  version "17.0.27"
  resolved "https://registry.npmjs.org/@types/node/-/node-17.0.27.tgz"
  integrity sha512-4/Ke7bbWOasuT3kceBZFGakP1dYN2XFd8v2l9bqF2LNWrmeU07JLpp56aEeG6+Q3olqO5TvXpW0yaiYnZJ5CXg==

"@types/node@^18.0.4":
  version "18.0.4"
  resolved "https://registry.yarnpkg.com/@types/node/-/node-18.0.4.tgz#48aedbf35efb3af1248e4cd4d792c730290cd5d6"
  integrity sha512-M0+G6V0Y4YV8cqzHssZpaNCqvYwlCiulmm0PwpNLF55r/+cT8Ol42CHRU1SEaYFH2rTwiiE1aYg/2g2rrtGdPA==

"@types/ws@^8.5.3":
  version "8.5.3"
  resolved "https://registry.npmjs.org/@types/ws/-/ws-8.5.3.tgz"
  integrity sha512-6YOoWjruKj1uLf3INHH7D3qTXwFfEsg1kf3c0uDdSBJwfa/llkwIjrAGV7j7mVgGNbzTQ3HiHKKDXl6bJPD97w==
  dependencies:
    "@types/node" "*"

discord-api-types@^0.33.5:
  version "0.33.5"
  resolved "https://registry.npmjs.org/discord-api-types/-/discord-api-types-0.33.5.tgz"
  integrity sha512-dvO5M52v7m7Dy96+XUnzXNsQ/0npsYpU6dL205kAtEDueswoz3aU3bh1UMoK4cQmcGtB1YRyLKqp+DXi05lzFg==

discord-api-types@^0.36.1:
  version "0.36.1"
  resolved "https://registry.npmjs.org/discord-api-types/-/discord-api-types-0.36.1.tgz"
  integrity sha512-PTDinUU574hXA9Ko9wrftL1iww1raNiRVKjuPIWQ5Li1g7vQPArpZWw9x01kh/IXLPdzSAJ6H8T0eAYzxzFzIg==

discord.js@^14.0.0-dev.1657757514-fe34f48:
  version "14.0.0-dev.1657757514-fe34f48"
  resolved "https://registry.yarnpkg.com/discord.js/-/discord.js-14.0.0-dev.1657757514-fe34f48.tgz#2aa0570fbb0995acaee205ee74f1b10af8042091"
  integrity sha512-warixUTyz+NIyoTQht21Seo1bC1UPSRw3/b/uUtPB/BGu4e1X1orwcEP1wepQuwyqLIf8yo0vRJo21vRvwILvg==
  dependencies:
    "@discordjs/builders" "^0.16.0-dev"
    "@discordjs/collection" "^0.8.0-dev"
    "@discordjs/rest" "^0.6.0-dev"
    "@sapphire/snowflake" "^3.2.2"
    "@types/ws" "^8.5.3"
    discord-api-types "^0.36.1"
    fast-deep-equal "^3.1.3"
    lodash.snakecase "^4.1.1"
    tslib "^2.4.0"
    undici "^5.6.0"
    ws "^8.8.0"

fast-deep-equal@^3.1.3:
  version "3.1.3"
  resolved "https://registry.npmjs.org/fast-deep-equal/-/fast-deep-equal-3.1.3.tgz"
  integrity sha512-f3qQ9oQy9j2AhBe/H9VC91wLmKBCCU/gDOnKNAYG5hswO7BLKj09Hc5HYNz9cGI++xlpDCIgDaitVs03ATR84Q==

lodash.snakecase@^4.1.1:
  version "4.1.1"
  resolved "https://registry.npmjs.org/lodash.snakecase/-/lodash.snakecase-4.1.1.tgz"
  integrity sha1-OdcUo1NXFHg3rv1ktdy7Fr7Nj40=

ts-mixer@^6.0.1:
  version "6.0.1"
  resolved "https://registry.npmjs.org/ts-mixer/-/ts-mixer-6.0.1.tgz"
  integrity sha512-hvE+ZYXuINrx6Ei6D6hz+PTim0Uf++dYbK9FFifLNwQj+RwKquhQpn868yZsCtJYiclZF1u8l6WZxxKi+vv7Rg==

tslib@^2.4.0:
  version "2.4.0"
  resolved "https://registry.npmjs.org/tslib/-/tslib-2.4.0.tgz"
  integrity sha512-d6xOpEDfsi2CZVlPQzGeux8XMwLT9hssAsaPYExaQMuYskwb+x1x7J371tWlbBdWHroy99KnVB6qIkUbs5X3UQ==

undici@^5.4.0:
  version "5.4.0"
  resolved "https://registry.npmjs.org/undici/-/undici-5.4.0.tgz"
  integrity sha512-A1SRXysDg7J+mVP46jF+9cKANw0kptqSFZ8tGyL+HBiv0K1spjxPX8Z4EGu+Eu6pjClJUBdnUPlxrOafR668/g==

undici@^5.6.0:
  version "5.6.1"
  resolved "https://registry.npmjs.org/undici/-/undici-5.6.1.tgz"
  integrity sha512-yYVqywdCbNb99f/w045wqmv++WExXDjY0FEvLSB7QUZZH6izxrVkF4dJn1aimcvN0+WAhv75Gg7v6VJoqmRtJQ==

ws@^8.8.0:
  version "8.8.0"
  resolved "https://registry.npmjs.org/ws/-/ws-8.8.0.tgz"
  integrity sha512-JDAgSYQ1ksuwqfChJusw1LSJ8BizJ2e/vVu5Lxjq3YvNJNlROv1ui4i+c/kUUrPheBvQl4c5UbERhTwKa6QBJQ==
