# THIS IS AN AUTOGENERATED FILE. DO NOT EDIT THIS FILE DIRECTLY.
# yarn lockfile v1


"@discordjs/builders@^0.14.0-dev":
  version "0.14.0-dev.1650931748-df64d3e"
  resolved "https://registry.yarnpkg.com/@discordjs/builders/-/builders-0.14.0-dev.1650931748-df64d3e.tgz#392f5d1593d9c998bb14a4f07c688c564de08532"
  integrity sha512-/RbVCpsP59tQHXWZuyvelZt76N3Ges3l2P81s1R9VymCfgpg0ZdPPuYSErh3zNm3fBqwr0LH5En+C1G7Wr88Yg==
  dependencies:
    "@sapphire/shapeshift" "^2.0.0"
    "@sindresorhus/is" "^4.6.0"
    discord-api-types "^0.31.1"
    fast-deep-equal "^3.1.3"
    ts-mixer "^6.0.1"
    tslib "^2.3.1"

"@discordjs/collection@^0.7.0-dev":
  version "0.7.0-dev.1650931751-df64d3e"
  resolved "https://registry.yarnpkg.com/@discordjs/collection/-/collection-0.7.0-dev.1650931751-df64d3e.tgz#23e41e61bb4b10b70789ed4b14aa4aab4d28f9ac"
  integrity sha512-8oPvjx69kAUz5r+I1uzLZrsgSPIC4ybbK4eBAgx2ShNLliFk9hbg0vNkFfJoKKAoS6Mzfxo/47B0+rKdEBXW6w==

"@discordjs/rest@^0.5.0-dev":
  version "0.5.0-dev.1650931739-df64d3e"
  resolved "https://registry.yarnpkg.com/@discordjs/rest/-/rest-0.5.0-dev.1650931739-df64d3e.tgz#9e68b27c57607a7fba590bf8c5cee0f95ff9a78d"
  integrity sha512-CMQnBCZ7S7SENTVF9EQtGkBCUxp46Yj8Wpd/MCt+RThhkLcxR16Mle7kPGD/g8pJZeXdtWbbGXTiwue5g86Y/Q==
  dependencies:
    "@discordjs/collection" "^0.7.0-dev"
    "@sapphire/async-queue" "^1.3.1"
    "@sapphire/snowflake" "^3.2.1"
    "@types/node-fetch" "^2.6.1"
    discord-api-types "^0.29.0"
    form-data "^4.0.0"
    node-fetch "^2.6.7"
    tslib "^2.3.1"

"@sapphire/async-queue@^1.3.1":
  version "1.3.1"
  resolved "https://registry.yarnpkg.com/@sapphire/async-queue/-/async-queue-1.3.1.tgz#9d861e626dbffae02d808e13f823d4510e450a78"
  integrity sha512-FFTlPOWZX1kDj9xCAsRzH5xEJfawg1lNoYAA+ecOWJMHOfiZYb1uXOI3ne9U4UILSEPwfE68p3T9wUHwIQfR0g==

"@sapphire/shapeshift@^2.0.0":
  version "2.1.0"
  resolved "https://registry.yarnpkg.com/@sapphire/shapeshift/-/shapeshift-2.1.0.tgz#cef43aa992f12be578166ce1fc27c9a2a945d4b8"
  integrity sha512-Z1ISLP9pNI3jpKJxx82xtDpEsfomhJ3iPqcKdYLjAHmQP2X5yqQF6phA0Wd+MmdXp081wepOiT59XEN0xdTVvQ==

"@sapphire/snowflake@^3.2.1":
  version "3.2.2"
  resolved "https://registry.yarnpkg.com/@sapphire/snowflake/-/snowflake-3.2.2.tgz#faacdc1b5f7c43145a71eddba917de2b707ef780"
  integrity sha512-ula2O0kpSZtX9rKXNeQMrHwNd7E4jPDJYUXmEGTFdMRfyfMw+FPyh04oKMjAiDuOi64bYgVkOV3MjK+loImFhQ==

"@sindresorhus/is@^4.6.0":
  version "4.6.0"
  resolved "https://registry.yarnpkg.com/@sindresorhus/is/-/is-4.6.0.tgz#3c7c9c46e678feefe7a2e5bb609d3dbd665ffb3f"
  integrity sha512-t09vSN3MdfsyCHoFcTRCH/iUtG7OJ0CsjzB8cjAmKc/va/kIgeDI/TxsigdncE/4be734m0cvIYwNaV4i2XqAw==

"@types/node-fetch@^2.6.1":
  version "2.6.1"
  resolved "https://registry.yarnpkg.com/@types/node-fetch/-/node-fetch-2.6.1.tgz#8f127c50481db65886800ef496f20bbf15518975"
  integrity sha512-oMqjURCaxoSIsHSr1E47QHzbmzNR5rK8McHuNb11BOM9cHcIK3Avy0s/b2JlXHoQGTYS3NsvWzV1M0iK7l0wbA==
  dependencies:
    "@types/node" "*"
    form-data "^3.0.0"

"@types/node@*", "@types/node@^17.0.25":
  version "17.0.27"
  resolved "https://registry.yarnpkg.com/@types/node/-/node-17.0.27.tgz#f4df3981ae8268c066e8f49995639f855469081e"
  integrity sha512-4/Ke7bbWOasuT3kceBZFGakP1dYN2XFd8v2l9bqF2LNWrmeU07JLpp56aEeG6+Q3olqO5TvXpW0yaiYnZJ5CXg==

"@types/ws@^8.5.3":
  version "8.5.3"
  resolved "https://registry.yarnpkg.com/@types/ws/-/ws-8.5.3.tgz#7d25a1ffbecd3c4f2d35068d0b283c037003274d"
  integrity sha512-6YOoWjruKj1uLf3INHH7D3qTXwFfEsg1kf3c0uDdSBJwfa/llkwIjrAGV7j7mVgGNbzTQ3HiHKKDXl6bJPD97w==
  dependencies:
    "@types/node" "*"

asynckit@^0.4.0:
  version "0.4.0"
  resolved "https://registry.yarnpkg.com/asynckit/-/asynckit-0.4.0.tgz#c79ed97f7f34cb8f2ba1bc9790bcc366474b4b79"
  integrity sha1-x57Zf380y48robyXkLzDZkdLS3k=

combined-stream@^1.0.8:
  version "1.0.8"
  resolved "https://registry.yarnpkg.com/combined-stream/-/combined-stream-1.0.8.tgz#c3d45a8b34fd730631a110a8a2520682b31d5a7f"
  integrity sha512-FQN4MRfuJeHf7cBbBMJFXhKSDq+2kAArBlmRBvcvFE5BB1HZKXtSFASDhdlz9zOYwxh8lDdnvmMOe/+5cdoEdg==
  dependencies:
    delayed-stream "~1.0.0"

delayed-stream@~1.0.0:
  version "1.0.0"
  resolved "https://registry.yarnpkg.com/delayed-stream/-/delayed-stream-1.0.0.tgz#df3ae199acadfb7d440aaae0b29e2272b24ec619"
  integrity sha1-3zrhmayt+31ECqrgsp4icrJOxhk=

discord-api-types@^0.29.0:
  version "0.29.0"
  resolved "https://registry.yarnpkg.com/discord-api-types/-/discord-api-types-0.29.0.tgz#8346352b623ddd8d8eed386b6eb758e2d82d6005"
  integrity sha512-Ekq1ICNpOTVajXKZguNFrsDeTmam+ZeA38txsNLZnANdXUjU6QBPIZLUQTC6MzigFGb0Tt8vk4xLnXmzv0shNg==

discord-api-types@^0.31.1:
  version "0.31.2"
  resolved "https://registry.yarnpkg.com/discord-api-types/-/discord-api-types-0.31.2.tgz#8d131e25340bd695815af3bb77128a6993c1b516"
  integrity sha512-gpzXTvFVg7AjKVVJFH0oJGC0q0tO34iJGSHZNz9u3aqLxlD6LfxEs9wWVVikJqn9gra940oUTaPFizCkRDcEiA==

discord.js@^14.0.0-dev.1652443445-d522320:
  version "14.0.0-dev.1652443445-d522320"
  resolved "https://registry.yarnpkg.com/discord.js/-/discord.js-14.0.0-dev.1652443445-d522320.tgz#6d26cf739eaf91b63a71936ff4b26ff54fd7a27a"
  integrity sha512-K4Yt1ZZv94irpKkjrd9ZGGbTyZk/QY/oKwQTxSmVKceTA7YqfFCFkhVb9NGh6JJ9Ima0moRp5nJPlhEs1QVG1w==
  dependencies:
    "@discordjs/builders" "^0.14.0-dev"
    "@discordjs/collection" "^0.7.0-dev"
    "@discordjs/rest" "^0.5.0-dev"
    "@sapphire/snowflake" "^3.2.1"
    "@types/ws" "^8.5.3"
    discord-api-types "^0.31.1"
    fast-deep-equal "^3.1.3"
    lodash.snakecase "^4.1.1"
    tslib "^2.3.1"
    undici "^5.2.0"
    ws "^8.5.0"

fast-deep-equal@^3.1.3:
  version "3.1.3"
  resolved "https://registry.yarnpkg.com/fast-deep-equal/-/fast-deep-equal-3.1.3.tgz#3a7d56b559d6cbc3eb512325244e619a65c6c525"
  integrity sha512-f3qQ9oQy9j2AhBe/H9VC91wLmKBCCU/gDOnKNAYG5hswO7BLKj09Hc5HYNz9cGI++xlpDCIgDaitVs03ATR84Q==

form-data@^3.0.0:
  version "3.0.1"
  resolved "https://registry.yarnpkg.com/form-data/-/form-data-3.0.1.tgz#ebd53791b78356a99af9a300d4282c4d5eb9755f"
  integrity sha512-RHkBKtLWUVwd7SqRIvCZMEvAMoGUp0XU+seQiZejj0COz3RI3hWP4sCv3gZWWLjJTd7rGwcsF5eKZGii0r/hbg==
  dependencies:
    asynckit "^0.4.0"
    combined-stream "^1.0.8"
    mime-types "^2.1.12"

form-data@^4.0.0:
  version "4.0.0"
  resolved "https://registry.yarnpkg.com/form-data/-/form-data-4.0.0.tgz#93919daeaf361ee529584b9b31664dc12c9fa452"
  integrity sha512-ETEklSGi5t0QMZuiXoA/Q6vcnxcLQP5vdugSpuAyi6SVGi2clPPp+xgEhuMaHC+zGgn31Kd235W35f7Hykkaww==
  dependencies:
    asynckit "^0.4.0"
    combined-stream "^1.0.8"
    mime-types "^2.1.12"

lodash.snakecase@^4.1.1:
  version "4.1.1"
  resolved "https://registry.yarnpkg.com/lodash.snakecase/-/lodash.snakecase-4.1.1.tgz#39d714a35357147837aefd64b5dcbb16becd8f8d"
  integrity sha1-OdcUo1NXFHg3rv1ktdy7Fr7Nj40=

mime-db@1.52.0:
  version "1.52.0"
  resolved "https://registry.yarnpkg.com/mime-db/-/mime-db-1.52.0.tgz#bbabcdc02859f4987301c856e3387ce5ec43bf70"
  integrity sha512-sPU4uV7dYlvtWJxwwxHD0PuihVNiE7TyAbQ5SWxDCB9mUYvOgroQOwYQQOKPJ8CIbE+1ETVlOoK1UC2nU3gYvg==

mime-types@^2.1.12:
  version "2.1.35"
  resolved "https://registry.yarnpkg.com/mime-types/-/mime-types-2.1.35.tgz#381a871b62a734450660ae3deee44813f70d959a"
  integrity sha512-ZDY+bPm5zTTF+YpCrAU9nK0UgICYPT0QtT1NZWFv4s++TNkcgVaT0g6+4R2uI4MjQjzysHB1zxuWL50hzaeXiw==
  dependencies:
    mime-db "1.52.0"

node-fetch@^2.6.7:
  version "2.6.7"
  resolved "https://registry.yarnpkg.com/node-fetch/-/node-fetch-2.6.7.tgz#24de9fba827e3b4ae44dc8b20256a379160052ad"
  integrity sha512-ZjMPFEfVx5j+y2yF35Kzx5sF7kDzxuDj6ziH4FFbOp87zKDZNx8yExJIb05OGF4Nlt9IHFIMBkRl41VdvcNdbQ==
  dependencies:
    whatwg-url "^5.0.0"

tr46@~0.0.3:
  version "0.0.3"
  resolved "https://registry.yarnpkg.com/tr46/-/tr46-0.0.3.tgz#8184fd347dac9cdc185992f3a6622e14b9d9ab6a"
  integrity sha1-gYT9NH2snNwYWZLzpmIuFLnZq2o=

ts-mixer@^6.0.1:
  version "6.0.1"
  resolved "https://registry.yarnpkg.com/ts-mixer/-/ts-mixer-6.0.1.tgz#7c2627fb98047eb5f3c7f2fee39d1521d18fe87a"
  integrity sha512-hvE+ZYXuINrx6Ei6D6hz+PTim0Uf++dYbK9FFifLNwQj+RwKquhQpn868yZsCtJYiclZF1u8l6WZxxKi+vv7Rg==

tslib@^2.3.1:
  version "2.4.0"
  resolved "https://registry.yarnpkg.com/tslib/-/tslib-2.4.0.tgz#7cecaa7f073ce680a05847aa77be941098f36dc3"
  integrity sha512-d6xOpEDfsi2CZVlPQzGeux8XMwLT9hssAsaPYExaQMuYskwb+x1x7J371tWlbBdWHroy99KnVB6qIkUbs5X3UQ==

undici@^5.2.0:
  version "5.2.0"
  resolved "https://registry.yarnpkg.com/undici/-/undici-5.2.0.tgz#18c5bd59f8f1b1ed8dcc9dca2f754c44ec994059"
  integrity sha512-XY6+NS3WH9b3TKOHeNz2CjR+qrVz/k4fO9g3etPpLozRvULoQmZ1+dk9JbIz40ehn27xzFk4jYVU2MU3Nle62A==

webidl-conversions@^3.0.0:
  version "3.0.1"
  resolved "https://registry.yarnpkg.com/webidl-conversions/-/webidl-conversions-3.0.1.tgz#24534275e2a7bc6be7bc86611cc16ae0a5654871"
  integrity sha1-JFNCdeKnvGvnvIZhHMFq4KVlSHE=

whatwg-url@^5.0.0:
  version "5.0.0"
  resolved "https://registry.yarnpkg.com/whatwg-url/-/whatwg-url-5.0.0.tgz#966454e8765462e37644d3626f6742ce8b70965d"
  integrity sha1-lmRU6HZUYuN2RNNib2dCzotwll0=
  dependencies:
    tr46 "~0.0.3"
    webidl-conversions "^3.0.0"

ws@^8.5.0:
  version "8.5.0"
  resolved "https://registry.yarnpkg.com/ws/-/ws-8.5.0.tgz#bfb4be96600757fe5382de12c670dab984a1ed4f"
  integrity sha512-BWX0SWVgLPzYwF8lTzEy1egjhS4S4OEAHfsO8o65WOVsrnSRGaSiUaa9e0ggGlkMTtBlmOpEXiie9RUcBO86qg==
