# THIS IS AN AUTOGENERATED FILE. DO NOT EDIT THIS FILE DIRECTLY.
# yarn lockfile v1


"@discordjs/builders@^0.16.0-dev":
  "integrity" "sha512-j78JppkQcg8qNvdKkMXcMaxQmxLetB2eU/4YKVHuJ2FAQu8IQbBq0jL6KyoAMS/U4+xhwru9/+t3KgMDLwUy1Q=="
  "resolved" "https://registry.npmjs.org/@discordjs/builders/-/builders-0.16.0-dev.1654906182-c7391db.tgz"
  "version" "0.16.0-dev.1654906182-c7391db"
  dependencies:
    "@sapphire/shapeshift" "^3.1.0"
    "@sindresorhus/is" "^4.6.0"
    "discord-api-types" "^0.33.5"
    "fast-deep-equal" "^3.1.3"
    "ts-mixer" "^6.0.1"
    "tslib" "^2.4.0"

"@discordjs/collection@^0.8.0-dev":
  "integrity" "sha512-bUcKllZRrA7Wux1GSM8GRGQYgNv6j2SpycoHt/OHWWWSQbTVz8QUZCbh/9+/AK6ywVpYY63svK0mVzqN4ofFxQ=="
  "resolved" "https://registry.npmjs.org/@discordjs/collection/-/collection-0.8.0-dev.1654906189-c7391db.tgz"
  "version" "0.8.0-dev.1654906189-c7391db"

"@discordjs/rest@^0.6.0-dev":
  "integrity" "sha512-3T62G8diV4NaOUSPNatuflGzeJxtjfVHiSTy3SgjINnL4EK6YHZ3cmzH1C6HuIZvezwqk9o8o/5Pdxehi0ps1Q=="
  "resolved" "https://registry.npmjs.org/@discordjs/rest/-/rest-0.6.0-dev.1654906196-c7391db.tgz"
  "version" "0.6.0-dev.1654906196-c7391db"
  dependencies:
    "@discordjs/collection" "^0.8.0-dev"
    "@sapphire/async-queue" "^1.3.1"
    "@sapphire/snowflake" "^3.2.2"
    "discord-api-types" "^0.33.5"
    "tslib" "^2.4.0"
    "undici" "^5.4.0"

"@sapphire/async-queue@^1.3.1":
  "integrity" "sha512-FFTlPOWZX1kDj9xCAsRzH5xEJfawg1lNoYAA+ecOWJMHOfiZYb1uXOI3ne9U4UILSEPwfE68p3T9wUHwIQfR0g=="
  "resolved" "https://registry.npmjs.org/@sapphire/async-queue/-/async-queue-1.3.1.tgz"
  "version" "1.3.1"

"@sapphire/shapeshift@^3.1.0":
  "integrity" "sha512-PkxFXd3QJ1qAPS05Dy2UkVGYPm/asF1Ugt2Xyzmv4DHzO3+G7l+873C4XFFcJ9M5Je+eCMC7SSifgPTSur5QuA=="
  "resolved" "https://registry.npmjs.org/@sapphire/shapeshift/-/shapeshift-3.1.0.tgz"
  "version" "3.1.0"

"@sapphire/snowflake@^3.2.2":
  "integrity" "sha512-ula2O0kpSZtX9rKXNeQMrHwNd7E4jPDJYUXmEGTFdMRfyfMw+FPyh04oKMjAiDuOi64bYgVkOV3MjK+loImFhQ=="
  "resolved" "https://registry.npmjs.org/@sapphire/snowflake/-/snowflake-3.2.2.tgz"
  "version" "3.2.2"

"@sindresorhus/is@^4.6.0":
  "integrity" "sha512-t09vSN3MdfsyCHoFcTRCH/iUtG7OJ0CsjzB8cjAmKc/va/kIgeDI/TxsigdncE/4be734m0cvIYwNaV4i2XqAw=="
  "resolved" "https://registry.npmjs.org/@sindresorhus/is/-/is-4.6.0.tgz"
  "version" "4.6.0"

"@types/node@*", "@types/node@^17.0.25":
  "integrity" "sha512-4/Ke7bbWOasuT3kceBZFGakP1dYN2XFd8v2l9bqF2LNWrmeU07JLpp56aEeG6+Q3olqO5TvXpW0yaiYnZJ5CXg=="
  "resolved" "https://registry.npmjs.org/@types/node/-/node-17.0.27.tgz"
  "version" "17.0.27"

"@types/ws@^8.5.3":
  "integrity" "sha512-6YOoWjruKj1uLf3INHH7D3qTXwFfEsg1kf3c0uDdSBJwfa/llkwIjrAGV7j7mVgGNbzTQ3HiHKKDXl6bJPD97w=="
  "resolved" "https://registry.npmjs.org/@types/ws/-/ws-8.5.3.tgz"
  "version" "8.5.3"
  dependencies:
    "@types/node" "*"

"discord-api-types@^0.33.5":
  "integrity" "sha512-dvO5M52v7m7Dy96+XUnzXNsQ/0npsYpU6dL205kAtEDueswoz3aU3bh1UMoK4cQmcGtB1YRyLKqp+DXi05lzFg=="
  "resolved" "https://registry.npmjs.org/discord-api-types/-/discord-api-types-0.33.5.tgz"
  "version" "0.33.5"

"discord-api-types@^0.36.1":
  "integrity" "sha512-PTDinUU574hXA9Ko9wrftL1iww1raNiRVKjuPIWQ5Li1g7vQPArpZWw9x01kh/IXLPdzSAJ6H8T0eAYzxzFzIg=="
  "resolved" "https://registry.npmjs.org/discord-api-types/-/discord-api-types-0.36.1.tgz"
  "version" "0.36.1"

"discord.js@^14.0.0-dev.1657411900-f0b68d5":
  "integrity" "sha512-mPeIaxthGZEc4qKi6HzWnMIbHOh63qJHr37qFWMoDZpYOPht7Q1V2w3eGh7e30kCoh1BNrLGaeYqwRxpYENjsg=="
  "resolved" "https://registry.npmjs.org/discord.js/-/discord.js-14.0.0-dev.1657411900-f0b68d5.tgz"
  "version" "14.0.0-dev.1657411900-f0b68d5"
  dependencies:
    "@discordjs/builders" "^0.16.0-dev"
    "@discordjs/collection" "^0.8.0-dev"
    "@discordjs/rest" "^0.6.0-dev"
    "@sapphire/snowflake" "^3.2.2"
    "@types/ws" "^8.5.3"
    "discord-api-types" "^0.36.1"
    "fast-deep-equal" "^3.1.3"
    "lodash.snakecase" "^4.1.1"
    "tslib" "^2.4.0"
    "undici" "^5.6.0"
    "ws" "^8.8.0"

"fast-deep-equal@^3.1.3":
  "integrity" "sha512-f3qQ9oQy9j2AhBe/H9VC91wLmKBCCU/gDOnKNAYG5hswO7BLKj09Hc5HYNz9cGI++xlpDCIgDaitVs03ATR84Q=="
  "resolved" "https://registry.npmjs.org/fast-deep-equal/-/fast-deep-equal-3.1.3.tgz"
  "version" "3.1.3"

"lodash.snakecase@^4.1.1":
  "integrity" "sha1-OdcUo1NXFHg3rv1ktdy7Fr7Nj40="
  "resolved" "https://registry.npmjs.org/lodash.snakecase/-/lodash.snakecase-4.1.1.tgz"
  "version" "4.1.1"

"ts-mixer@^6.0.1":
  "integrity" "sha512-hvE+ZYXuINrx6Ei6D6hz+PTim0Uf++dYbK9FFifLNwQj+RwKquhQpn868yZsCtJYiclZF1u8l6WZxxKi+vv7Rg=="
  "resolved" "https://registry.npmjs.org/ts-mixer/-/ts-mixer-6.0.1.tgz"
  "version" "6.0.1"

"tslib@^2.4.0":
  "integrity" "sha512-d6xOpEDfsi2CZVlPQzGeux8XMwLT9hssAsaPYExaQMuYskwb+x1x7J371tWlbBdWHroy99KnVB6qIkUbs5X3UQ=="
  "resolved" "https://registry.npmjs.org/tslib/-/tslib-2.4.0.tgz"
  "version" "2.4.0"

"undici@^5.4.0":
  "integrity" "sha512-A1SRXysDg7J+mVP46jF+9cKANw0kptqSFZ8tGyL+HBiv0K1spjxPX8Z4EGu+Eu6pjClJUBdnUPlxrOafR668/g=="
  "resolved" "https://registry.npmjs.org/undici/-/undici-5.4.0.tgz"
  "version" "5.4.0"

"undici@^5.6.0":
  "integrity" "sha512-yYVqywdCbNb99f/w045wqmv++WExXDjY0FEvLSB7QUZZH6izxrVkF4dJn1aimcvN0+WAhv75Gg7v6VJoqmRtJQ=="
  "resolved" "https://registry.npmjs.org/undici/-/undici-5.6.1.tgz"
  "version" "5.6.1"

"ws@^8.8.0":
  "integrity" "sha512-JDAgSYQ1ksuwqfChJusw1LSJ8BizJ2e/vVu5Lxjq3YvNJNlROv1ui4i+c/kUUrPheBvQl4c5UbERhTwKa6QBJQ=="
  "resolved" "https://registry.npmjs.org/ws/-/ws-8.8.0.tgz"
  "version" "8.8.0"
